<?xml version="1.0" encoding="UTF-8" standalone="yes" ?>
<CodeBlocks_project_file>
	<FileVersion major="1" minor="6" />
	<Project>
		<Option title="intechCompiler" />
		<Option pch_mode="2" />
		<Option compiler="gcc" />
		<Build>
			<Target title="Debug">
				<Option output="bin/Debug/intechCompiler" prefix_auto="1" extension_auto="1" />
				<Option object_output="obj/Debug/" />
				<Option type="1" />
				<Option compiler="gcc" />
				<Compiler>
					<Add option="-g" />
				</Compiler>
			</Target>
			<Target title="Release">
				<Option output="bin/Release/intechCompiler" prefix_auto="1" extension_auto="1" />
				<Option object_output="obj/Release/" />
				<Option type="1" />
				<Option compiler="gcc" />
				<Compiler>
					<Add option="-O2" />
				</Compiler>
				<Linker>
					<Add option="-s" />
				</Linker>
			</Target>
		</Build>
		<Compiler>
			<Add option="-Wall" />
		</Compiler>
		<Unit filename="ast_struct.h" />
		<Unit filename="buffer.c">
			<Option compilerVar="CC" />
		</Unit>
		<Unit filename="buffer.h" />
		<Unit filename="exports.h" />
		<Unit filename="intech.txt" />
		<Unit filename="intech1.txt" />
		<Unit filename="lexer.c">
			<Option compilerVar="CC" />
		</Unit>
		<Unit filename="lexer.h" />
		<Unit filename="lexical_analizer.c">
			<Option compilerVar="CC" />
		</Unit>
		<Unit filename="lexical_analizer.h" />
		<Unit filename="lib/unity.c">
			<Option compilerVar="CC" />
		</Unit>
		<Unit filename="lib/unity.h" />
		<Unit filename="lib/unity_fixture.c">
			<Option compilerVar="CC" />
		</Unit>
		<Unit filename="lib/unity_fixture.h" />
		<Unit filename="lib/unity_fixture_internals.h" />
		<Unit filename="lib/unity_internals.h" />
		<Unit filename="lib/unity_memory.c">
			<Option compilerVar="CC" />
		</Unit>
		<Unit filename="lib/unity_memory.h" />
		<Unit filename="main.c">
			<Option compilerVar="CC" />
		</Unit>
		<Unit filename="number.txt" />
		<Unit filename="program_1.txt" />
		<Unit filename="program_2.txt" />
		<Unit filename="program_3.txt" />
		<Unit filename="program_4.txt" />
		<Unit filename="shunting_yard.c">
			<Option compilerVar="CC" />
		</Unit>
		<Unit filename="shunting_yard.h" />
		<Unit filename="syntax_analyser.c">
			<Option compilerVar="CC" />
			<Option target="&lt;{~None~}&gt;" />
		</Unit>
		<Unit filename="syntax_analyser.h" />
		<Unit filename="test/lexers/get_alphanum.c">
			<Option compilerVar="CC" />
		</Unit>
		<Unit filename="test/lexers/get_alphanum_rollback.c">
			<Option compilerVar="CC" />
		</Unit>
		<Unit filename="test/lexers/get_number.c">
			<Option compilerVar="CC" />
		</Unit>
		<Unit filename="test/lexers/test_runner.c">
			<Option compilerVar="CC" />
		</Unit>
		<Unit filename="test/lexical_analyzer/ast_list_add.c">
			<Option compilerVar="CC" />
		</Unit>
		<Unit filename="test/lexical_analyzer/new_binary.c">
			<Option compilerVar="CC" />
		</Unit>
		<Unit filename="test/lexical_analyzer/new_function.c">
			<Option compilerVar="CC" />
		</Unit>
		<Unit filename="test/lexical_analyzer/new_integer.c">
			<Option compilerVar="CC" />
		</Unit>
		<Unit filename="test/lexical_analyzer/new_unary.c">
			<Option compilerVar="CC" />
		</Unit>
		<Unit filename="test/lexical_analyzer/new_variable.c">
			<Option compilerVar="CC" />
		</Unit>
		<Unit filename="test/lexical_analyzer/test_runner.c">
			<Option compilerVar="CC" />
		</Unit>
		<Unit filename="test/syntax_analyser/analyse_function.c">
			<Option compilerVar="CC" />
		</Unit>
		<Unit filename="test/syntax_analyser/analyse_parameters.c">
			<Option compilerVar="CC" />
		</Unit>
		<Unit filename="test/syntax_analyser/analyse_returned_type.c">
			<Option compilerVar="CC" />
		</Unit>
		<Unit filename="test/syntax_analyser/test_runner.c">
			<Option compilerVar="CC" />
		</Unit>
		<Unit filename="utils.c">
			<Option compilerVar="CC" />
		</Unit>
		<Unit filename="utils.h" />
		<Unit filename="variable_with_number.txt" />
		<Extensions>
			<lib_finder disable_auto="1" />
		</Extensions>
	</Project>
</CodeBlocks_project_file>
